
Microsoft Visual Studio Solution File, Format Version 12.00
# Visual Studio 15
VisualStudioVersion = 15.0.26730.10
MinimumVisualStudioVersion = 10.0.40219.1
Project("{FAE04EC0-301F-11D3-BF4B-00C04F79EFBC}") = "Data", "Data\Data.csproj", "{F4334C2C-20F9-4F64-B2D6-FAB4CF1C378C}"
EndProject
Project("{FAE04EC0-301F-11D3-BF4B-00C04F79EFBC}") = "WebApi", "WebApi\WebApi.csproj", "{D94CDFA9-05AD-4BFE-B446-F178004CADA0}"
EndProject
Project("{FAE04EC0-301F-11D3-BF4B-00C04F79EFBC}") = "Repositories", "Repository\Repositories.csproj", "{E79CA307-E2F3-4CCF-BAF6-4959FB2F6E64}"
EndProject
Project("{FAE04EC0-301F-11D3-BF4B-00C04F79EFBC}") = "WcfServices", "WcfService\WcfServices.csproj", "{2CE5E728-5B65-4857-BDA0-D2625BEFCA78}"
EndProject
Project("{FAE04EC0-301F-11D3-BF4B-00C04F79EFBC}") = "WcfService.Host", "WcfService.Host\WcfService.Host.csproj", "{C35B1656-FE8D-406D-907B-C0A771E50FED}"
EndProject
Global
	GlobalSection(SolutionConfigurationPlatforms) = preSolution
		Debug|Any CPU = Debug|Any CPU
		Release|Any CPU = Release|Any CPU
	EndGlobalSection
	GlobalSection(ProjectConfigurationPlatforms) = postSolution
		{F4334C2C-20F9-4F64-B2D6-FAB4CF1C378C}.Debug|Any CPU.ActiveCfg = Debug|Any CPU
		{F4334C2C-20F9-4F64-B2D6-FAB4CF1C378C}.Debug|Any CPU.Build.0 = Debug|Any CPU
		{F4334C2C-20F9-4F64-B2D6-FAB4CF1C378C}.Release|Any CPU.ActiveCfg = Release|Any CPU
		{F4334C2C-20F9-4F64-B2D6-FAB4CF1C378C}.Release|Any CPU.Build.0 = Release|Any CPU
		{D94CDFA9-05AD-4BFE-B446-F178004CADA0}.Debug|Any CPU.ActiveCfg = Debug|Any CPU
		{D94CDFA9-05AD-4BFE-B446-F178004CADA0}.Debug|Any CPU.Build.0 = Debug|Any CPU
		{D94CDFA9-05AD-4BFE-B446-F178004CADA0}.Release|Any CPU.ActiveCfg = Release|Any CPU
		{D94CDFA9-05AD-4BFE-B446-F178004CADA0}.Release|Any CPU.Build.0 = Release|Any CPU
		{E79CA307-E2F3-4CCF-BAF6-4959FB2F6E64}.Debug|Any CPU.ActiveCfg = Debug|Any CPU
		{E79CA307-E2F3-4CCF-BAF6-4959FB2F6E64}.Debug|Any CPU.Build.0 = Debug|Any CPU
		{E79CA307-E2F3-4CCF-BAF6-4959FB2F6E64}.Release|Any CPU.ActiveCfg = Release|Any CPU
		{E79CA307-E2F3-4CCF-BAF6-4959FB2F6E64}.Release|Any CPU.Build.0 = Release|Any CPU
		{2CE5E728-5B65-4857-BDA0-D2625BEFCA78}.Debug|Any CPU.ActiveCfg = Debug|Any CPU
		{2CE5E728-5B65-4857-BDA0-D2625BEFCA78}.Debug|Any CPU.Build.0 = Debug|Any CPU
		{2CE5E728-5B65-4857-BDA0-D2625BEFCA78}.Release|Any CPU.ActiveCfg = Release|Any CPU
		{2CE5E728-5B65-4857-BDA0-D2625BEFCA78}.Release|Any CPU.Build.0 = Release|Any CPU
		{C35B1656-FE8D-406D-907B-C0A771E50FED}.Debug|Any CPU.ActiveCfg = Debug|Any CPU
		{C35B1656-FE8D-406D-907B-C0A771E50FED}.Debug|Any CPU.Build.0 = Debug|Any CPU
		{C35B1656-FE8D-406D-907B-C0A771E50FED}.Release|Any CPU.ActiveCfg = Release|Any CPU
		{C35B1656-FE8D-406D-907B-C0A771E50FED}.Release|Any CPU.Build.0 = Release|Any CPU
	EndGlobalSection
	GlobalSection(SolutionProperties) = preSolution
		HideSolutionNode = FALSE
	EndGlobalSection
	GlobalSection(ExtensibilityGlobals) = postSolution
		SolutionGuid = {94EF0B12-751B-478A-AEB9-643CD98813A2}
	EndGlobalSection
EndGlobal
