
Microsoft Visual Studio Solution File, Format Version 12.00
# Visual Studio 15
VisualStudioVersion = 15.0.26730.10
MinimumVisualStudioVersion = 10.0.40219.1
Project("{9A19103F-16F7-4668-BE54-9A1E7A4F7556}") = "WebApi", "WebApi\WebApi.csproj", "{D94CDFA9-05AD-4BFE-B446-F178004CADA0}"
EndProject
Project("{FAE04EC0-301F-11D3-BF4B-00C04F79EFBC}") = "Repositories", "Repository\Repositories.csproj", "{E79CA307-E2F3-4CCF-BAF6-4959FB2F6E64}"
EndProject
Project("{FAE04EC0-301F-11D3-BF4B-00C04F79EFBC}") = "WcfServices", "WcfService\WcfServices.csproj", "{2CE5E728-5B65-4857-BDA0-D2625BEFCA78}"
EndProject
Project("{FAE04EC0-301F-11D3-BF4B-00C04F79EFBC}") = "WcfService.Host", "WcfService.Host\WcfService.Host.csproj", "{C35B1656-FE8D-406D-907B-C0A771E50FED}"
EndProject
Project("{9A19103F-16F7-4668-BE54-9A1E7A4F7556}") = "DataAccess", "Data\DataAccess.csproj", "{585887B1-6475-4CEE-8C31-0C8C7D774CBF}"
EndProject
Project("{FAE04EC0-301F-11D3-BF4B-00C04F79EFBC}") = "Model", "Model\Model.csproj", "{B980A338-B758-4867-8119-2F5A89F8BD6F}"
EndProject
Project("{FAE04EC0-301F-11D3-BF4B-00C04F79EFBC}") = "ConsoleApp", "ConsoleApp\ConsoleApp.csproj", "{67F114AD-BDDC-4136-B98C-C19B203E1F1F}"
EndProject
Project("{FAE04EC0-301F-11D3-BF4B-00C04F79EFBC}") = "TestConsoleApp", "TestConsoleApp\TestConsoleApp.csproj", "{9F525387-C914-440C-BE53-EB467F4D9844}"
EndProject
Global
	GlobalSection(SolutionConfigurationPlatforms) = preSolution
		Debug|Any CPU = Debug|Any CPU
		Release|Any CPU = Release|Any CPU
	EndGlobalSection
	GlobalSection(ProjectConfigurationPlatforms) = postSolution
		{D94CDFA9-05AD-4BFE-B446-F178004CADA0}.Debug|Any CPU.ActiveCfg = Debug|Any CPU
		{D94CDFA9-05AD-4BFE-B446-F178004CADA0}.Debug|Any CPU.Build.0 = Debug|Any CPU
		{D94CDFA9-05AD-4BFE-B446-F178004CADA0}.Release|Any CPU.ActiveCfg = Release|Any CPU
		{D94CDFA9-05AD-4BFE-B446-F178004CADA0}.Release|Any CPU.Build.0 = Release|Any CPU
		{E79CA307-E2F3-4CCF-BAF6-4959FB2F6E64}.Debug|Any CPU.ActiveCfg = Debug|Any CPU
		{E79CA307-E2F3-4CCF-BAF6-4959FB2F6E64}.Debug|Any CPU.Build.0 = Debug|Any CPU
		{E79CA307-E2F3-4CCF-BAF6-4959FB2F6E64}.Release|Any CPU.ActiveCfg = Release|Any CPU
		{E79CA307-E2F3-4CCF-BAF6-4959FB2F6E64}.Release|Any CPU.Build.0 = Release|Any CPU
		{2CE5E728-5B65-4857-BDA0-D2625BEFCA78}.Debug|Any CPU.ActiveCfg = Debug|Any CPU
		{2CE5E728-5B65-4857-BDA0-D2625BEFCA78}.Debug|Any CPU.Build.0 = Debug|Any CPU
		{2CE5E728-5B65-4857-BDA0-D2625BEFCA78}.Release|Any CPU.ActiveCfg = Release|Any CPU
		{2CE5E728-5B65-4857-BDA0-D2625BEFCA78}.Release|Any CPU.Build.0 = Release|Any CPU
		{C35B1656-FE8D-406D-907B-C0A771E50FED}.Debug|Any CPU.ActiveCfg = Debug|Any CPU
		{C35B1656-FE8D-406D-907B-C0A771E50FED}.Debug|Any CPU.Build.0 = Debug|Any CPU
		{C35B1656-FE8D-406D-907B-C0A771E50FED}.Release|Any CPU.ActiveCfg = Release|Any CPU
		{C35B1656-FE8D-406D-907B-C0A771E50FED}.Release|Any CPU.Build.0 = Release|Any CPU
		{585887B1-6475-4CEE-8C31-0C8C7D774CBF}.Debug|Any CPU.ActiveCfg = Debug|Any CPU
		{585887B1-6475-4CEE-8C31-0C8C7D774CBF}.Debug|Any CPU.Build.0 = Debug|Any CPU
		{585887B1-6475-4CEE-8C31-0C8C7D774CBF}.Release|Any CPU.ActiveCfg = Release|Any CPU
		{585887B1-6475-4CEE-8C31-0C8C7D774CBF}.Release|Any CPU.Build.0 = Release|Any CPU
		{B980A338-B758-4867-8119-2F5A89F8BD6F}.Debug|Any CPU.ActiveCfg = Debug|Any CPU
		{B980A338-B758-4867-8119-2F5A89F8BD6F}.Debug|Any CPU.Build.0 = Debug|Any CPU
		{B980A338-B758-4867-8119-2F5A89F8BD6F}.Release|Any CPU.ActiveCfg = Release|Any CPU
		{B980A338-B758-4867-8119-2F5A89F8BD6F}.Release|Any CPU.Build.0 = Release|Any CPU
		{67F114AD-BDDC-4136-B98C-C19B203E1F1F}.Debug|Any CPU.ActiveCfg = Debug|Any CPU
		{67F114AD-BDDC-4136-B98C-C19B203E1F1F}.Debug|Any CPU.Build.0 = Debug|Any CPU
		{67F114AD-BDDC-4136-B98C-C19B203E1F1F}.Release|Any CPU.ActiveCfg = Release|Any CPU
		{67F114AD-BDDC-4136-B98C-C19B203E1F1F}.Release|Any CPU.Build.0 = Release|Any CPU
		{9F525387-C914-440C-BE53-EB467F4D9844}.Debug|Any CPU.ActiveCfg = Debug|Any CPU
		{9F525387-C914-440C-BE53-EB467F4D9844}.Debug|Any CPU.Build.0 = Debug|Any CPU
		{9F525387-C914-440C-BE53-EB467F4D9844}.Release|Any CPU.ActiveCfg = Release|Any CPU
		{9F525387-C914-440C-BE53-EB467F4D9844}.Release|Any CPU.Build.0 = Release|Any CPU
	EndGlobalSection
	GlobalSection(SolutionProperties) = preSolution
		HideSolutionNode = FALSE
	EndGlobalSection
	GlobalSection(ExtensibilityGlobals) = postSolution
		SolutionGuid = {94EF0B12-751B-478A-AEB9-643CD98813A2}
	EndGlobalSection
EndGlobal
